
Microsoft Visual Studio Solution File, Format Version 12.00
# Visual Studio Version 17
VisualStudioVersion = 17.1.32319.34
MinimumVisualStudioVersion = 10.0.40219.1
Project("{FAE04EC0-301F-11D3-BF4B-00C04F79EFBC}") = "CicSeek.Android", "CicSeek\CicSeek.Android\CicSeek.Android.csproj", "{0EAE03EB-36A0-469A-AACA-DCCFAADEB775}"
EndProject
Project("{FAE04EC0-301F-11D3-BF4B-00C04F79EFBC}") = "CicSeek.iOS", "CicSeek\CicSeek.iOS\CicSeek.iOS.csproj", "{9494FAF4-DF10-4DCF-87E0-62893B4BB10A}"
EndProject
Project("{FAE04EC0-301F-11D3-BF4B-00C04F79EFBC}") = "CicSeek", "CicSeek\CicSeek\CicSeek.csproj", "{49B7BF8C-BD38-4ACF-B4AA-96E4638513BB}"
EndProject
Global
	GlobalSection(SolutionConfigurationPlatforms) = preSolution
		Debug|Any CPU = Debug|Any CPU
		Debug|iPhone = Debug|iPhone
		Debug|iPhoneSimulator = Debug|iPhoneSimulator
		Release|Any CPU = Release|Any CPU
		Release|iPhone = Release|iPhone
		Release|iPhoneSimulator = Release|iPhoneSimulator
	EndGlobalSection
	GlobalSection(ProjectConfigurationPlatforms) = postSolution
		{0EAE03EB-36A0-469A-AACA-DCCFAADEB775}.Debug|Any CPU.ActiveCfg = Debug|Any CPU
		{0EAE03EB-36A0-469A-AACA-DCCFAADEB775}.Debug|Any CPU.Build.0 = Debug|Any CPU
		{0EAE03EB-36A0-469A-AACA-DCCFAADEB775}.Debug|Any CPU.Deploy.0 = Debug|Any CPU
		{0EAE03EB-36A0-469A-AACA-DCCFAADEB775}.Debug|iPhone.ActiveCfg = Debug|Any CPU
		{0EAE03EB-36A0-469A-AACA-DCCFAADEB775}.Debug|iPhone.Build.0 = Debug|Any CPU
		{0EAE03EB-36A0-469A-AACA-DCCFAADEB775}.Debug|iPhone.Deploy.0 = Debug|Any CPU
		{0EAE03EB-36A0-469A-AACA-DCCFAADEB775}.Debug|iPhoneSimulator.ActiveCfg = Debug|Any CPU
		{0EAE03EB-36A0-469A-AACA-DCCFAADEB775}.Debug|iPhoneSimulator.Build.0 = Debug|Any CPU
		{0EAE03EB-36A0-469A-AACA-DCCFAADEB775}.Debug|iPhoneSimulator.Deploy.0 = Debug|Any CPU
		{0EAE03EB-36A0-469A-AACA-DCCFAADEB775}.Release|Any CPU.ActiveCfg = Release|Any CPU
		{0EAE03EB-36A0-469A-AACA-DCCFAADEB775}.Release|Any CPU.Build.0 = Release|Any CPU
		{0EAE03EB-36A0-469A-AACA-DCCFAADEB775}.Release|Any CPU.Deploy.0 = Release|Any CPU
		{0EAE03EB-36A0-469A-AACA-DCCFAADEB775}.Release|iPhone.ActiveCfg = Release|Any CPU
		{0EAE03EB-36A0-469A-AACA-DCCFAADEB775}.Release|iPhone.Build.0 = Release|Any CPU
		{0EAE03EB-36A0-469A-AACA-DCCFAADEB775}.Release|iPhone.Deploy.0 = Release|Any CPU
		{0EAE03EB-36A0-469A-AACA-DCCFAADEB775}.Release|iPhoneSimulator.ActiveCfg = Release|Any CPU
		{0EAE03EB-36A0-469A-AACA-DCCFAADEB775}.Release|iPhoneSimulator.Build.0 = Release|Any CPU
		{0EAE03EB-36A0-469A-AACA-DCCFAADEB775}.Release|iPhoneSimulator.Deploy.0 = Release|Any CPU
		{9494FAF4-DF10-4DCF-87E0-62893B4BB10A}.Debug|Any CPU.ActiveCfg = Debug|iPhone
		{9494FAF4-DF10-4DCF-87E0-62893B4BB10A}.Debug|Any CPU.Build.0 = Debug|iPhone
		{9494FAF4-DF10-4DCF-87E0-62893B4BB10A}.Debug|Any CPU.Deploy.0 = Debug|iPhone
		{9494FAF4-DF10-4DCF-87E0-62893B4BB10A}.Debug|iPhone.ActiveCfg = Debug|iPhone
		{9494FAF4-DF10-4DCF-87E0-62893B4BB10A}.Debug|iPhone.Build.0 = Debug|iPhone
		{9494FAF4-DF10-4DCF-87E0-62893B4BB10A}.Debug|iPhone.Deploy.0 = Debug|iPhone
		{9494FAF4-DF10-4DCF-87E0-62893B4BB10A}.Debug|iPhoneSimulator.ActiveCfg = Debug|iPhoneSimulator
		{9494FAF4-DF10-4DCF-87E0-62893B4BB10A}.Debug|iPhoneSimulator.Build.0 = Debug|iPhoneSimulator
		{9494FAF4-DF10-4DCF-87E0-62893B4BB10A}.Debug|iPhoneSimulator.Deploy.0 = Debug|iPhoneSimulator
		{9494FAF4-DF10-4DCF-87E0-62893B4BB10A}.Release|Any CPU.ActiveCfg = Release|iPhoneSimulator
		{9494FAF4-DF10-4DCF-87E0-62893B4BB10A}.Release|Any CPU.Build.0 = Release|iPhoneSimulator
		{9494FAF4-DF10-4DCF-87E0-62893B4BB10A}.Release|Any CPU.Deploy.0 = Release|iPhoneSimulator
		{9494FAF4-DF10-4DCF-87E0-62893B4BB10A}.Release|iPhone.ActiveCfg = Release|iPhone
		{9494FAF4-DF10-4DCF-87E0-62893B4BB10A}.Release|iPhone.Build.0 = Release|iPhone
		{9494FAF4-DF10-4DCF-87E0-62893B4BB10A}.Release|iPhone.Deploy.0 = Release|iPhone
		{9494FAF4-DF10-4DCF-87E0-62893B4BB10A}.Release|iPhoneSimulator.ActiveCfg = Release|iPhoneSimulator
		{9494FAF4-DF10-4DCF-87E0-62893B4BB10A}.Release|iPhoneSimulator.Build.0 = Release|iPhoneSimulator
		{9494FAF4-DF10-4DCF-87E0-62893B4BB10A}.Release|iPhoneSimulator.Deploy.0 = Release|iPhoneSimulator
		{49B7BF8C-BD38-4ACF-B4AA-96E4638513BB}.Debug|Any CPU.ActiveCfg = Debug|Any CPU
		{49B7BF8C-BD38-4ACF-B4AA-96E4638513BB}.Debug|Any CPU.Build.0 = Debug|Any CPU
		{49B7BF8C-BD38-4ACF-B4AA-96E4638513BB}.Debug|Any CPU.Deploy.0 = Debug|Any CPU
		{49B7BF8C-BD38-4ACF-B4AA-96E4638513BB}.Debug|iPhone.ActiveCfg = Debug|Any CPU
		{49B7BF8C-BD38-4ACF-B4AA-96E4638513BB}.Debug|iPhone.Build.0 = Debug|Any CPU
		{49B7BF8C-BD38-4ACF-B4AA-96E4638513BB}.Debug|iPhone.Deploy.0 = Debug|Any CPU
		{49B7BF8C-BD38-4ACF-B4AA-96E4638513BB}.Debug|iPhoneSimulator.ActiveCfg = Debug|Any CPU
		{49B7BF8C-BD38-4ACF-B4AA-96E4638513BB}.Debug|iPhoneSimulator.Build.0 = Debug|Any CPU
		{49B7BF8C-BD38-4ACF-B4AA-96E4638513BB}.Debug|iPhoneSimulator.Deploy.0 = Debug|Any CPU
		{49B7BF8C-BD38-4ACF-B4AA-96E4638513BB}.Release|Any CPU.ActiveCfg = Release|Any CPU
		{49B7BF8C-BD38-4ACF-B4AA-96E4638513BB}.Release|Any CPU.Build.0 = Release|Any CPU
		{49B7BF8C-BD38-4ACF-B4AA-96E4638513BB}.Release|Any CPU.Deploy.0 = Release|Any CPU
		{49B7BF8C-BD38-4ACF-B4AA-96E4638513BB}.Release|iPhone.ActiveCfg = Release|Any CPU
		{49B7BF8C-BD38-4ACF-B4AA-96E4638513BB}.Release|iPhone.Build.0 = Release|Any CPU
		{49B7BF8C-BD38-4ACF-B4AA-96E4638513BB}.Release|iPhone.Deploy.0 = Release|Any CPU
		{49B7BF8C-BD38-4ACF-B4AA-96E4638513BB}.Release|iPhoneSimulator.ActiveCfg = Release|Any CPU
		{49B7BF8C-BD38-4ACF-B4AA-96E4638513BB}.Release|iPhoneSimulator.Build.0 = Release|Any CPU
		{49B7BF8C-BD38-4ACF-B4AA-96E4638513BB}.Release|iPhoneSimulator.Deploy.0 = Release|Any CPU
	EndGlobalSection
	GlobalSection(SolutionProperties) = preSolution
		HideSolutionNode = FALSE
	EndGlobalSection
	GlobalSection(ExtensibilityGlobals) = postSolution
		SolutionGuid = {AB3CEEED-CB59-47C3-B3F3-0501668A8EA4}
	EndGlobalSection
EndGlobal
